// !$*UTF8*$!
{
	archiveVersion = 1;
	classes = {
	};
	objectVersion = 50;
	objects = {

/* Begin PBXBuildFile section */
		7F8C60F520746D280074A6BE /* AppDelegate.swift in Sources */ = {isa = PBXBuildFile; fileRef = 7F8C60F420746D280074A6BE /* AppDelegate.swift */; };
		7F8C60F920746D290074A6BE /* Assets.xcassets in Resources */ = {isa = PBXBuildFile; fileRef = 7F8C60F820746D290074A6BE /* Assets.xcassets */; };
		7F8C60FC20746D290074A6BE /* Main.storyboard in Resources */ = {isa = PBXBuildFile; fileRef = 7F8C60FA20746D290074A6BE /* Main.storyboard */; };
		7F8C610E20746D6A0074A6BE /* controlViewController.swift in Sources */ = {isa = PBXBuildFile; fileRef = 7F8C610620746D6A0074A6BE /* controlViewController.swift */; };
		7F8C610F20746D6A0074A6BE /* displayViewController.swift in Sources */ = {isa = PBXBuildFile; fileRef = 7F8C610720746D6A0074A6BE /* displayViewController.swift */; };
		7F8C611220746D6A0074A6BE /* controlView.swift in Sources */ = {isa = PBXBuildFile; fileRef = 7F8C610A20746D6A0074A6BE /* controlView.swift */; };
		7F8C611320746D6A0074A6BE /* displayWindow.swift in Sources */ = {isa = PBXBuildFile; fileRef = 7F8C610B20746D6A0074A6BE /* displayWindow.swift */; };
		7F8C611420746D6A0074A6BE /* displayWindowController.swift in Sources */ = {isa = PBXBuildFile; fileRef = 7F8C610C20746D6A0074A6BE /* displayWindowController.swift */; };
		7F9BB3A9207C14FA00351035 /* presentationTimer.swift in Sources */ = {isa = PBXBuildFile; fileRef = 7F9BB3A8207C14FA00351035 /* presentationTimer.swift */; };
/* End PBXBuildFile section */

/* Begin PBXFileReference section */
		7F8C60F120746D280074A6BE /* PresentationTimer.app */ = {isa = PBXFileReference; explicitFileType = wrapper.application; includeInIndex = 0; path = PresentationTimer.app; sourceTree = BUILT_PRODUCTS_DIR; };
		7F8C60F420746D280074A6BE /* AppDelegate.swift */ = {isa = PBXFileReference; lastKnownFileType = sourcecode.swift; path = AppDelegate.swift; sourceTree = "<group>"; };
		7F8C60F820746D290074A6BE /* Assets.xcassets */ = {isa = PBXFileReference; lastKnownFileType = folder.assetcatalog; path = Assets.xcassets; sourceTree = "<group>"; };
		7F8C60FB20746D290074A6BE /* Base */ = {isa = PBXFileReference; lastKnownFileType = file.storyboard; name = Base; path = Base.lproj/Main.storyboard; sourceTree = "<group>"; };
		7F8C60FD20746D290074A6BE /* Info.plist */ = {isa = PBXFileReference; lastKnownFileType = text.plist.xml; path = Info.plist; sourceTree = "<group>"; };
		7F8C60FE20746D290074A6BE /* PresentationTimer.entitlements */ = {isa = PBXFileReference; lastKnownFileType = text.plist.entitlements; path = PresentationTimer.entitlements; sourceTree = "<group>"; };
		7F8C610620746D6A0074A6BE /* controlViewController.swift */ = {isa = PBXFileReference; fileEncoding = 4; lastKnownFileType = sourcecode.swift; path = controlViewController.swift; sourceTree = "<group>"; };
		7F8C610720746D6A0074A6BE /* displayViewController.swift */ = {isa = PBXFileReference; fileEncoding = 4; lastKnownFileType = sourcecode.swift; path = displayViewController.swift; sourceTree = "<group>"; };
		7F8C610A20746D6A0074A6BE /* controlView.swift */ = {isa = PBXFileReference; fileEncoding = 4; lastKnownFileType = sourcecode.swift; path = controlView.swift; sourceTree = "<group>"; };
		7F8C610B20746D6A0074A6BE /* displayWindow.swift */ = {isa = PBXFileReference; fileEncoding = 4; lastKnownFileType = sourcecode.swift; path = displayWindow.swift; sourceTree = "<group>"; };
		7F8C610C20746D6A0074A6BE /* displayWindowController.swift */ = {isa = PBXFileReference; fileEncoding = 4; lastKnownFileType = sourcecode.swift; path = displayWindowController.swift; sourceTree = "<group>"; };
		7F9BB3A8207C14FA00351035 /* presentationTimer.swift */ = {isa = PBXFileReference; lastKnownFileType = sourcecode.swift; name = presentationTimer.swift; path = PresentationTimer/presentationTimer.swift; sourceTree = SOURCE_ROOT; };
/* End PBXFileReference section */

/* Begin PBXFrameworksBuildPhase section */
		7F8C60EE20746D280074A6BE /* Frameworks */ = {
			isa = PBXFrameworksBuildPhase;
			buildActionMask = 2147483647;
			files = (
			);
			runOnlyForDeploymentPostprocessing = 0;
		};
/* End PBXFrameworksBuildPhase section */

/* Begin PBXGroup section */
		7F8C60E820746D280074A6BE = {
			isa = PBXGroup;
			children = (
				7F8C60F320746D280074A6BE /* PresentationTimer */,
				7F8C60F220746D280074A6BE /* Products */,
			);
			sourceTree = "<group>";
		};
		7F8C60F220746D280074A6BE /* Products */ = {
			isa = PBXGroup;
			children = (
				7F8C60F120746D280074A6BE /* PresentationTimer.app */,
			);
			name = Products;
			sourceTree = "<group>";
		};
		7F8C60F320746D280074A6BE /* PresentationTimer */ = {
			isa = PBXGroup;
			children = (
				7FF749BB20746E4F00D20194 /* UIObjects */,
				7F8C60FA20746D290074A6BE /* Main.storyboard */,
				7F9BB3A8207C14FA00351035 /* presentationTimer.swift */,
				7F8C60F420746D280074A6BE /* AppDelegate.swift */,
				7F8C60F820746D290074A6BE /* Assets.xcassets */,
				7F8C60FD20746D290074A6BE /* Info.plist */,
				7F8C60FE20746D290074A6BE /* PresentationTimer.entitlements */,
			);
			path = PresentationTimer;
			sourceTree = "<group>";
		};
		7FF749BB20746E4F00D20194 /* UIObjects */ = {
			isa = PBXGroup;
			children = (
				7F8C610A20746D6A0074A6BE /* controlView.swift */,
				7F8C610620746D6A0074A6BE /* controlViewController.swift */,
				7F8C610720746D6A0074A6BE /* displayViewController.swift */,
				7F8C610B20746D6A0074A6BE /* displayWindow.swift */,
				7F8C610C20746D6A0074A6BE /* displayWindowController.swift */,
			);
			path = UIObjects;
			sourceTree = "<group>";
		};
/* End PBXGroup section */

/* Begin PBXNativeTarget section */
		7F8C60F020746D280074A6BE /* PresentationTimer */ = {
			isa = PBXNativeTarget;
			buildConfigurationList = 7F8C610120746D290074A6BE /* Build configuration list for PBXNativeTarget "PresentationTimer" */;
			buildPhases = (
				7F8C60ED20746D280074A6BE /* Sources */,
				7F8C60EE20746D280074A6BE /* Frameworks */,
				7F8C60EF20746D280074A6BE /* Resources */,
			);
			buildRules = (
			);
			dependencies = (
			);
			name = PresentationTimer;
			productName = PresentationTimer;
			productReference = 7F8C60F120746D280074A6BE /* PresentationTimer.app */;
			productType = "com.apple.product-type.application";
		};
/* End PBXNativeTarget section */

/* Begin PBXProject section */
		7F8C60E920746D280074A6BE /* Project object */ = {
			isa = PBXProject;
			attributes = {
				LastSwiftUpdateCheck = 0930;
				LastUpgradeCheck = 0930;
				ORGANIZATIONNAME = "TLA Designs";
				TargetAttributes = {
					7F8C60F020746D280074A6BE = {
						CreatedOnToolsVersion = 9.3;
					};
				};
			};
			buildConfigurationList = 7F8C60EC20746D280074A6BE /* Build configuration list for PBXProject "PresentationTimer" */;
			compatibilityVersion = "Xcode 9.3";
			developmentRegion = en;
			hasScannedForEncodings = 0;
			knownRegions = (
				en,
				Base,
			);
			mainGroup = 7F8C60E820746D280074A6BE;
			productRefGroup = 7F8C60F220746D280074A6BE /* Products */;
			projectDirPath = "";
			projectRoot = "";
			targets = (
				7F8C60F020746D280074A6BE /* PresentationTimer */,
			);
		};
/* End PBXProject section */

/* Begin PBXResourcesBuildPhase section */
		7F8C60EF20746D280074A6BE /* Resources */ = {
			isa = PBXResourcesBuildPhase;
			buildActionMask = 2147483647;
			files = (
				7F8C60F920746D290074A6BE /* Assets.xcassets in Resources */,
				7F8C60FC20746D290074A6BE /* Main.storyboard in Resources */,
			);
			runOnlyForDeploymentPostprocessing = 0;
		};
/* End PBXResourcesBuildPhase section */

/* Begin PBXSourcesBuildPhase section */
		7F8C60ED20746D280074A6BE /* Sources */ = {
			isa = PBXSourcesBuildPhase;
			buildActionMask = 2147483647;
			files = (
				7F8C611220746D6A0074A6BE /* controlView.swift in Sources */,
				7F8C610E20746D6A0074A6BE /* controlViewController.swift in Sources */,
				7F8C611320746D6A0074A6BE /* displayWindow.swift in Sources */,
				7F8C611420746D6A0074A6BE /* displayWindowController.swift in Sources */,
				7F8C60F520746D280074A6BE /* AppDelegate.swift in Sources */,
				7F9BB3A9207C14FA00351035 /* presentationTimer.swift in Sources */,
				7F8C610F20746D6A0074A6BE /* displayViewController.swift in Sources */,
			);
			runOnlyForDeploymentPostprocessing = 0;
		};
/* End PBXSourcesBuildPhase section */

/* Begin PBXVariantGroup section */
		7F8C60FA20746D290074A6BE /* Main.storyboard */ = {
			isa = PBXVariantGroup;
			children = (
				7F8C60FB20746D290074A6BE /* Base */,
			);
			name = Main.storyboard;
			sourceTree = "<group>";
		};
/* End PBXVariantGroup section */

/* Begin XCBuildConfiguration section */
		7F8C60FF20746D290074A6BE /* Debug */ = {
			isa = XCBuildConfiguration;
			buildSettings = {
				ALWAYS_SEARCH_USER_PATHS = NO;
				CLANG_ANALYZER_NONNULL = YES;
				CLANG_ANALYZER_NUMBER_OBJECT_CONVERSION = YES_AGGRESSIVE;
				CLANG_CXX_LANGUAGE_STANDARD = "gnu++14";
				CLANG_CXX_LIBRARY = "libc++";
				CLANG_ENABLE_MODULES = YES;
				CLANG_ENABLE_OBJC_ARC = YES;
				CLANG_ENABLE_OBJC_WEAK = YES;
				CLANG_WARN_BLOCK_CAPTURE_AUTORELEASING = YES;
				CLANG_WARN_BOOL_CONVERSION = YES;
				CLANG_WARN_COMMA = YES;
				CLANG_WARN_CONSTANT_CONVERSION = YES;
				CLANG_WARN_DEPRECATED_OBJC_IMPLEMENTATIONS = YES;
				CLANG_WARN_DIRECT_OBJC_ISA_USAGE = YES_ERROR;
				CLANG_WARN_DOCUMENTATION_COMMENTS = YES;
				CLANG_WARN_EMPTY_BODY = YES;
				CLANG_WARN_ENUM_CONVERSION = YES;
				CLANG_WARN_INFINITE_RECURSION = YES;
				CLANG_WARN_INT_CONVERSION = YES;
				CLANG_WARN_NON_LITERAL_NULL_CONVERSION = YES;
				CLANG_WARN_OBJC_IMPLICIT_RETAIN_SELF = YES;
				CLANG_WARN_OBJC_LITERAL_CONVERSION = YES;
				CLANG_WARN_OBJC_ROOT_CLASS = YES_ERROR;
				CLANG_WARN_RANGE_LOOP_ANALYSIS = YES;
				CLANG_WARN_STRICT_PROTOTYPES = YES;
				CLANG_WARN_SUSPICIOUS_MOVE = YES;
				CLANG_WARN_UNGUARDED_AVAILABILITY = YES_AGGRESSIVE;
				CLANG_WARN_UNREACHABLE_CODE = YES;
				CLANG_WARN__DUPLICATE_METHOD_MATCH = YES;
				CODE_SIGN_IDENTITY = "Mac Developer";
				COPY_PHASE_STRIP = NO;
				DEBUG_INFORMATION_FORMAT = dwarf;
				ENABLE_STRICT_OBJC_MSGSEND = YES;
				ENABLE_TESTABILITY = YES;
				GCC_C_LANGUAGE_STANDARD = gnu11;
				GCC_DYNAMIC_NO_PIC = NO;
				GCC_NO_COMMON_BLOCKS = YES;
				GCC_OPTIMIZATION_LEVEL = 0;
				GCC_PREPROCESSOR_DEFINITIONS = (
					"DEBUG=1",
					"$(inherited)",
				);
				GCC_WARN_64_TO_32_BIT_CONVERSION = YES;
				GCC_WARN_ABOUT_RETURN_TYPE = YES_ERROR;
				GCC_WARN_UNDECLARED_SELECTOR = YES;
				GCC_WARN_UNINITIALIZED_AUTOS = YES_AGGRESSIVE;
				GCC_WARN_UNUSED_FUNCTION = YES;
				GCC_WARN_UNUSED_VARIABLE = YES;
				MACOSX_DEPLOYMENT_TARGET = 10.13;
				MTL_ENABLE_DEBUG_INFO = YES;
				ONLY_ACTIVE_ARCH = YES;
				SDKROOT = macosx;
				SWIFT_ACTIVE_COMPILATION_CONDITIONS = DEBUG;
				SWIFT_OPTIMIZATION_LEVEL = "-Onone";
			};
			name = Debug;
		};
		7F8C610020746D290074A6BE /* Release */ = {
			isa = XCBuildConfiguration;
			buildSettings = {
				ALWAYS_SEARCH_USER_PATHS = NO;
				CLANG_ANALYZER_NONNULL = YES;
				CLANG_ANALYZER_NUMBER_OBJECT_CONVERSION = YES_AGGRESSIVE;
				CLANG_CXX_LANGUAGE_STANDARD = "gnu++14";
				CLANG_CXX_LIBRARY = "libc++";
				CLANG_ENABLE_MODULES = YES;
				CLANG_ENABLE_OBJC_ARC = YES;
				CLANG_ENABLE_OBJC_WEAK = YES;
				CLANG_WARN_BLOCK_CAPTURE_AUTORELEASING = YES;
				CLANG_WARN_BOOL_CONVERSION = YES;
				CLANG_WARN_COMMA = YES;
				CLANG_WARN_CONSTANT_CONVERSION = YES;
				CLANG_WARN_DEPRECATED_OBJC_IMPLEMENTATIONS = YES;
				CLANG_WARN_DIRECT_OBJC_ISA_USAGE = YES_ERROR;
				CLANG_WARN_DOCUMENTATION_COMMENTS = YES;
				CLANG_WARN_EMPTY_BODY = YES;
				CLANG_WARN_ENUM_CONVERSION = YES;
				CLANG_WARN_INFINITE_RECURSION = YES;
				CLANG_WARN_INT_CONVERSION = YES;
				CLANG_WARN_NON_LITERAL_NULL_CONVERSION = YES;
				CLANG_WARN_OBJC_IMPLICIT_RETAIN_SELF = YES;
				CLANG_WARN_OBJC_LITERAL_CONVERSION = YES;
				CLANG_WARN_OBJC_ROOT_CLASS = YES_ERROR;
				CLANG_WARN_RANGE_LOOP_ANALYSIS = YES;
				CLANG_WARN_STRICT_PROTOTYPES = YES;
				CLANG_WARN_SUSPICIOUS_MOVE = YES;
				CLANG_WARN_UNGUARDED_AVAILABILITY = YES_AGGRESSIVE;
				CLANG_WARN_UNREACHABLE_CODE = YES;
				CLANG_WARN__DUPLICATE_METHOD_MATCH = YES;
				CODE_SIGN_IDENTITY = "Mac Developer";
				COPY_PHASE_STRIP = NO;
				DEBUG_INFORMATION_FORMAT = "dwarf-with-dsym";
				ENABLE_NS_ASSERTIONS = NO;
				ENABLE_STRICT_OBJC_MSGSEND = YES;
				GCC_C_LANGUAGE_STANDARD = gnu11;
				GCC_NO_COMMON_BLOCKS = YES;
				GCC_WARN_64_TO_32_BIT_CONVERSION = YES;
				GCC_WARN_ABOUT_RETURN_TYPE = YES_ERROR;
				GCC_WARN_UNDECLARED_SELECTOR = YES;
				GCC_WARN_UNINITIALIZED_AUTOS = YES_AGGRESSIVE;
				GCC_WARN_UNUSED_FUNCTION = YES;
				GCC_WARN_UNUSED_VARIABLE = YES;
				MACOSX_DEPLOYMENT_TARGET = 10.13;
				MTL_ENABLE_DEBUG_INFO = NO;
				SDKROOT = macosx;
				SWIFT_COMPILATION_MODE = wholemodule;
				SWIFT_OPTIMIZATION_LEVEL = "-O";
			};
			name = Release;
		};
		7F8C610220746D290074A6BE /* Debug */ = {
			isa = XCBuildConfiguration;
			buildSettings = {
				ASSETCATALOG_COMPILER_APPICON_NAME = AppIcon;
				CODE_SIGN_ENTITLEMENTS = PresentationTimer/PresentationTimer.entitlements;
				CODE_SIGN_STYLE = Automatic;
				COMBINE_HIDPI_IMAGES = YES;
				DEVELOPMENT_TEAM = 62W8YN9668;
				INFOPLIST_FILE = PresentationTimer/Info.plist;
				LD_RUNPATH_SEARCH_PATHS = (
					"$(inherited)",
					"@executable_path/../Frameworks",
				);
				PRODUCT_BUNDLE_IDENTIFIER = com.TLA.PresentationTimer;
				PRODUCT_NAME = "$(TARGET_NAME)";
				SWIFT_VERSION = 4.0;
			};
			name = Debug;
		};
		7F8C610320746D290074A6BE /* Release */ = {
			isa = XCBuildConfiguration;
			buildSettings = {
				ASSETCATALOG_COMPILER_APPICON_NAME = AppIcon;
				CODE_SIGN_ENTITLEMENTS = PresentationTimer/PresentationTimer.entitlements;
				CODE_SIGN_STYLE = Automatic;
				COMBINE_HIDPI_IMAGES = YES;
				DEVELOPMENT_TEAM = 62W8YN9668;
				INFOPLIST_FILE = PresentationTimer/Info.plist;
				LD_RUNPATH_SEARCH_PATHS = (
					"$(inherited)",
					"@executable_path/../Frameworks",
				);
				PRODUCT_BUNDLE_IDENTIFIER = com.TLA.PresentationTimer;
				PRODUCT_NAME = "$(TARGET_NAME)";
				SWIFT_VERSION = 4.0;
			};
			name = Release;
		};
/* End XCBuildConfiguration section */

/* Begin XCConfigurationList section */
		7F8C60EC20746D280074A6BE /* Build configuration list for PBXProject "PresentationTimer" */ = {
			isa = XCConfigurationList;
			buildConfigurations = (
				7F8C60FF20746D290074A6BE /* Debug */,
				7F8C610020746D290074A6BE /* Release */,
			);
			defaultConfigurationIsVisible = 0;
			defaultConfigurationName = Release;
		};
		7F8C610120746D290074A6BE /* Build configuration list for PBXNativeTarget "PresentationTimer" */ = {
			isa = XCConfigurationList;
			buildConfigurations = (
				7F8C610220746D290074A6BE /* Debug */,
				7F8C610320746D290074A6BE /* Release */,
			);
			defaultConfigurationIsVisible = 0;
			defaultConfigurationName = Release;
		};
/* End XCConfigurationList section */
	};
	rootObject = 7F8C60E920746D280074A6BE /* Project object */;
}
